
Microsoft Visual Studio Solution File, Format Version 12.00
# Visual Studio Version 17
VisualStudioVersion = 17.8.34525.116
MinimumVisualStudioVersion = 10.0.40219.1
Project("{8BC9CEB8-8B4A-11D0-8D11-00A0C91BC942}") = "С++ начало", "С++ начало.vcxproj", "{55279AF1-E7F7-478A-BEAD-766C012D2913}"
EndProject
Global
	GlobalSection(SolutionConfigurationPlatforms) = preSolution
		Debug|x64 = Debug|x64
		Debug|x86 = Debug|x86
		Release|x64 = Release|x64
		Release|x86 = Release|x86
	EndGlobalSection
	GlobalSection(ProjectConfigurationPlatforms) = postSolution
		{55279AF1-E7F7-478A-BEAD-766C012D2913}.Debug|x64.ActiveCfg = Debug|x64
		{55279AF1-E7F7-478A-BEAD-766C012D2913}.Debug|x64.Build.0 = Debug|x64
		{55279AF1-E7F7-478A-BEAD-766C012D2913}.Debug|x86.ActiveCfg = Debug|Win32
		{55279AF1-E7F7-478A-BEAD-766C012D2913}.Debug|x86.Build.0 = Debug|Win32
		{55279AF1-E7F7-478A-BEAD-766C012D2913}.Release|x64.ActiveCfg = Release|x64
		{55279AF1-E7F7-478A-BEAD-766C012D2913}.Release|x64.Build.0 = Release|x64
		{55279AF1-E7F7-478A-BEAD-766C012D2913}.Release|x86.ActiveCfg = Release|Win32
		{55279AF1-E7F7-478A-BEAD-766C012D2913}.Release|x86.Build.0 = Release|Win32
	EndGlobalSection
	GlobalSection(SolutionProperties) = preSolution
		HideSolutionNode = FALSE
	EndGlobalSection
	GlobalSection(ExtensibilityGlobals) = postSolution
		SolutionGuid = {C6725C65-D3BA-4F8B-9C4A-61B956259493}
	EndGlobalSection
EndGlobal
